
Microsoft Visual Studio Solution File, Format Version 12.00
# Visual Studio Version 16
VisualStudioVersion = 16.0.30907.101
MinimumVisualStudioVersion = 10.0.40219.1
Project("{9A19103F-16F7-4668-BE54-9A1E7A4F7556}") = "ExamForWired.Web", "ExamForWired.Web\ExamForWired.Web.csproj", "{809D9AB4-7247-42E6-801D-10D1F421D499}"
EndProject
Project("{9A19103F-16F7-4668-BE54-9A1E7A4F7556}") = "ExamForWired.Business", "ExamForWired.Business\ExamForWired.Business.csproj", "{EC7F4BA8-7D71-4605-8455-DA2F2C77DA1D}"
EndProject
Project("{9A19103F-16F7-4668-BE54-9A1E7A4F7556}") = "ExamForWired.Data", "ExamForWired.Data\ExamForWired.Data.csproj", "{675526E9-B8DE-4E8F-AFFB-DFA38D1E04B3}"
EndProject
Project("{9A19103F-16F7-4668-BE54-9A1E7A4F7556}") = "ExamForWired.Models", "ExamForWired.Models\ExamForWired.Models.csproj", "{931D9C19-FF65-4D40-A17D-32141EAE4F3E}"
EndProject
Project("{2150E333-8FDC-42A3-9474-1A3956D46DE8}") = "Solution Items", "Solution Items", "{B8EBF5BB-FA4B-4784-88C2-781E34724592}"
EndProject
Global
	GlobalSection(SolutionConfigurationPlatforms) = preSolution
		Debug|Any CPU = Debug|Any CPU
		Release|Any CPU = Release|Any CPU
	EndGlobalSection
	GlobalSection(ProjectConfigurationPlatforms) = postSolution
		{809D9AB4-7247-42E6-801D-10D1F421D499}.Debug|Any CPU.ActiveCfg = Debug|Any CPU
		{809D9AB4-7247-42E6-801D-10D1F421D499}.Debug|Any CPU.Build.0 = Debug|Any CPU
		{809D9AB4-7247-42E6-801D-10D1F421D499}.Release|Any CPU.ActiveCfg = Release|Any CPU
		{809D9AB4-7247-42E6-801D-10D1F421D499}.Release|Any CPU.Build.0 = Release|Any CPU
		{EC7F4BA8-7D71-4605-8455-DA2F2C77DA1D}.Debug|Any CPU.ActiveCfg = Debug|Any CPU
		{EC7F4BA8-7D71-4605-8455-DA2F2C77DA1D}.Debug|Any CPU.Build.0 = Debug|Any CPU
		{EC7F4BA8-7D71-4605-8455-DA2F2C77DA1D}.Release|Any CPU.ActiveCfg = Release|Any CPU
		{EC7F4BA8-7D71-4605-8455-DA2F2C77DA1D}.Release|Any CPU.Build.0 = Release|Any CPU
		{675526E9-B8DE-4E8F-AFFB-DFA38D1E04B3}.Debug|Any CPU.ActiveCfg = Debug|Any CPU
		{675526E9-B8DE-4E8F-AFFB-DFA38D1E04B3}.Debug|Any CPU.Build.0 = Debug|Any CPU
		{675526E9-B8DE-4E8F-AFFB-DFA38D1E04B3}.Release|Any CPU.ActiveCfg = Release|Any CPU
		{675526E9-B8DE-4E8F-AFFB-DFA38D1E04B3}.Release|Any CPU.Build.0 = Release|Any CPU
		{931D9C19-FF65-4D40-A17D-32141EAE4F3E}.Debug|Any CPU.ActiveCfg = Debug|Any CPU
		{931D9C19-FF65-4D40-A17D-32141EAE4F3E}.Debug|Any CPU.Build.0 = Debug|Any CPU
		{931D9C19-FF65-4D40-A17D-32141EAE4F3E}.Release|Any CPU.ActiveCfg = Release|Any CPU
		{931D9C19-FF65-4D40-A17D-32141EAE4F3E}.Release|Any CPU.Build.0 = Release|Any CPU
	EndGlobalSection
	GlobalSection(SolutionProperties) = preSolution
		HideSolutionNode = FALSE
	EndGlobalSection
	GlobalSection(ExtensibilityGlobals) = postSolution
		SolutionGuid = {F7E6DCDF-F332-47D1-8B0F-D8C74D1140F8}
	EndGlobalSection
EndGlobal
